
Microsoft Visual Studio Solution File, Format Version 12.00
# Visual Studio Version 17
VisualStudioVersion = 17.8.34330.188
MinimumVisualStudioVersion = 10.0.40219.1
Project("{FAE04EC0-301F-11D3-BF4B-00C04F79EFBC}") = "WcfServiceApp", "WcfServiceApp\WcfServiceApp.csproj", "{B013BC89-B6A7-446D-98BB-99889A0A3E01}"
EndProject
Global
	GlobalSection(SolutionConfigurationPlatforms) = preSolution
		Debug|Any CPU = Debug|Any CPU
		Release|Any CPU = Release|Any CPU
	EndGlobalSection
	GlobalSection(ProjectConfigurationPlatforms) = postSolution
		{B013BC89-B6A7-446D-98BB-99889A0A3E01}.Debug|Any CPU.ActiveCfg = Debug|Any CPU
		{B013BC89-B6A7-446D-98BB-99889A0A3E01}.Debug|Any CPU.Build.0 = Debug|Any CPU
		{B013BC89-B6A7-446D-98BB-99889A0A3E01}.Release|Any CPU.ActiveCfg = Release|Any CPU
		{B013BC89-B6A7-446D-98BB-99889A0A3E01}.Release|Any CPU.Build.0 = Release|Any CPU
	EndGlobalSection
	GlobalSection(SolutionProperties) = preSolution
		HideSolutionNode = FALSE
	EndGlobalSection
	GlobalSection(ExtensibilityGlobals) = postSolution
		SolutionGuid = {FD6C1A26-D09B-4701-8FF2-198B10B24CC5}
	EndGlobalSection
EndGlobal
